
Microsoft Visual Studio Solution File, Format Version 12.00
# Visual Studio Version 17
VisualStudioVersion = 17.0.31903.59
MinimumVisualStudioVersion = 10.0.40219.1
Project("{FAE04EC0-301F-11D3-BF4B-00C04F79EFBC}") = "DeliveryService.API", "DeliveryService.API\DeliveryService.API.csproj", "{EF8A1237-6A38-44E4-9038-742C416FC013}"
EndProject
Project("{FAE04EC0-301F-11D3-BF4B-00C04F79EFBC}") = "DeliveryService.Domain", "DeliveryService.Domain\DeliveryService.Domain.csproj", "{6EA2A2EE-1355-4365-9C81-2CFC3093AD51}"
EndProject
Project("{FAE04EC0-301F-11D3-BF4B-00C04F79EFBC}") = "DeliveryService.Application", "DeliveryService.Application\DeliveryService.Application.csproj", "{6461E279-4C66-455E-98B8-9AA5DB82650C}"
EndProject
Project("{FAE04EC0-301F-11D3-BF4B-00C04F79EFBC}") = "DeliveryService.Infrastructure", "DeliveryService.Infrastructure\DeliveryService.Infrastructure.csproj", "{9FEA01A4-06B1-4358-9357-95E8DA68827D}"
EndProject
Project("{FAE04EC0-301F-11D3-BF4B-00C04F79EFBC}") = "DeliveryService.Web", "DeliveryService.Web\DeliveryService.Web.csproj", "{F5AA5B6D-0A04-4E12-AC95-B638C328E8FD}"
EndProject
Global
	GlobalSection(SolutionConfigurationPlatforms) = preSolution
		Debug|Any CPU = Debug|Any CPU
		Debug|x64 = Debug|x64
		Debug|x86 = Debug|x86
		Release|Any CPU = Release|Any CPU
		Release|x64 = Release|x64
		Release|x86 = Release|x86
	EndGlobalSection
	GlobalSection(ProjectConfigurationPlatforms) = postSolution
		{EF8A1237-6A38-44E4-9038-742C416FC013}.Debug|Any CPU.ActiveCfg = Debug|Any CPU
		{EF8A1237-6A38-44E4-9038-742C416FC013}.Debug|Any CPU.Build.0 = Debug|Any CPU
		{EF8A1237-6A38-44E4-9038-742C416FC013}.Debug|x64.ActiveCfg = Debug|Any CPU
		{EF8A1237-6A38-44E4-9038-742C416FC013}.Debug|x64.Build.0 = Debug|Any CPU
		{EF8A1237-6A38-44E4-9038-742C416FC013}.Debug|x86.ActiveCfg = Debug|Any CPU
		{EF8A1237-6A38-44E4-9038-742C416FC013}.Debug|x86.Build.0 = Debug|Any CPU
		{EF8A1237-6A38-44E4-9038-742C416FC013}.Release|Any CPU.ActiveCfg = Release|Any CPU
		{EF8A1237-6A38-44E4-9038-742C416FC013}.Release|Any CPU.Build.0 = Release|Any CPU
		{EF8A1237-6A38-44E4-9038-742C416FC013}.Release|x64.ActiveCfg = Release|Any CPU
		{EF8A1237-6A38-44E4-9038-742C416FC013}.Release|x64.Build.0 = Release|Any CPU
		{EF8A1237-6A38-44E4-9038-742C416FC013}.Release|x86.ActiveCfg = Release|Any CPU
		{EF8A1237-6A38-44E4-9038-742C416FC013}.Release|x86.Build.0 = Release|Any CPU
		{6EA2A2EE-1355-4365-9C81-2CFC3093AD51}.Debug|Any CPU.ActiveCfg = Debug|Any CPU
		{6EA2A2EE-1355-4365-9C81-2CFC3093AD51}.Debug|Any CPU.Build.0 = Debug|Any CPU
		{6EA2A2EE-1355-4365-9C81-2CFC3093AD51}.Debug|x64.ActiveCfg = Debug|Any CPU
		{6EA2A2EE-1355-4365-9C81-2CFC3093AD51}.Debug|x64.Build.0 = Debug|Any CPU
		{6EA2A2EE-1355-4365-9C81-2CFC3093AD51}.Debug|x86.ActiveCfg = Debug|Any CPU
		{6EA2A2EE-1355-4365-9C81-2CFC3093AD51}.Debug|x86.Build.0 = Debug|Any CPU
		{6EA2A2EE-1355-4365-9C81-2CFC3093AD51}.Release|Any CPU.ActiveCfg = Release|Any CPU
		{6EA2A2EE-1355-4365-9C81-2CFC3093AD51}.Release|Any CPU.Build.0 = Release|Any CPU
		{6EA2A2EE-1355-4365-9C81-2CFC3093AD51}.Release|x64.ActiveCfg = Release|Any CPU
		{6EA2A2EE-1355-4365-9C81-2CFC3093AD51}.Release|x64.Build.0 = Release|Any CPU
		{6EA2A2EE-1355-4365-9C81-2CFC3093AD51}.Release|x86.ActiveCfg = Release|Any CPU
		{6EA2A2EE-1355-4365-9C81-2CFC3093AD51}.Release|x86.Build.0 = Release|Any CPU
		{6461E279-4C66-455E-98B8-9AA5DB82650C}.Debug|Any CPU.ActiveCfg = Debug|Any CPU
		{6461E279-4C66-455E-98B8-9AA5DB82650C}.Debug|Any CPU.Build.0 = Debug|Any CPU
		{6461E279-4C66-455E-98B8-9AA5DB82650C}.Debug|x64.ActiveCfg = Debug|Any CPU
		{6461E279-4C66-455E-98B8-9AA5DB82650C}.Debug|x64.Build.0 = Debug|Any CPU
		{6461E279-4C66-455E-98B8-9AA5DB82650C}.Debug|x86.ActiveCfg = Debug|Any CPU
		{6461E279-4C66-455E-98B8-9AA5DB82650C}.Debug|x86.Build.0 = Debug|Any CPU
		{6461E279-4C66-455E-98B8-9AA5DB82650C}.Release|Any CPU.ActiveCfg = Release|Any CPU
		{6461E279-4C66-455E-98B8-9AA5DB82650C}.Release|Any CPU.Build.0 = Release|Any CPU
		{6461E279-4C66-455E-98B8-9AA5DB82650C}.Release|x64.ActiveCfg = Release|Any CPU
		{6461E279-4C66-455E-98B8-9AA5DB82650C}.Release|x64.Build.0 = Release|Any CPU
		{6461E279-4C66-455E-98B8-9AA5DB82650C}.Release|x86.ActiveCfg = Release|Any CPU
		{6461E279-4C66-455E-98B8-9AA5DB82650C}.Release|x86.Build.0 = Release|Any CPU
		{9FEA01A4-06B1-4358-9357-95E8DA68827D}.Debug|Any CPU.ActiveCfg = Debug|Any CPU
		{9FEA01A4-06B1-4358-9357-95E8DA68827D}.Debug|Any CPU.Build.0 = Debug|Any CPU
		{9FEA01A4-06B1-4358-9357-95E8DA68827D}.Debug|x64.ActiveCfg = Debug|Any CPU
		{9FEA01A4-06B1-4358-9357-95E8DA68827D}.Debug|x64.Build.0 = Debug|Any CPU
		{9FEA01A4-06B1-4358-9357-95E8DA68827D}.Debug|x86.ActiveCfg = Debug|Any CPU
		{9FEA01A4-06B1-4358-9357-95E8DA68827D}.Debug|x86.Build.0 = Debug|Any CPU
		{9FEA01A4-06B1-4358-9357-95E8DA68827D}.Release|Any CPU.ActiveCfg = Release|Any CPU
		{9FEA01A4-06B1-4358-9357-95E8DA68827D}.Release|Any CPU.Build.0 = Release|Any CPU
		{9FEA01A4-06B1-4358-9357-95E8DA68827D}.Release|x64.ActiveCfg = Release|Any CPU
		{9FEA01A4-06B1-4358-9357-95E8DA68827D}.Release|x64.Build.0 = Release|Any CPU
		{9FEA01A4-06B1-4358-9357-95E8DA68827D}.Release|x86.ActiveCfg = Release|Any CPU
		{9FEA01A4-06B1-4358-9357-95E8DA68827D}.Release|x86.Build.0 = Release|Any CPU
		{F5AA5B6D-0A04-4E12-AC95-B638C328E8FD}.Debug|Any CPU.ActiveCfg = Debug|Any CPU
		{F5AA5B6D-0A04-4E12-AC95-B638C328E8FD}.Debug|Any CPU.Build.0 = Debug|Any CPU
		{F5AA5B6D-0A04-4E12-AC95-B638C328E8FD}.Debug|x64.ActiveCfg = Debug|Any CPU
		{F5AA5B6D-0A04-4E12-AC95-B638C328E8FD}.Debug|x64.Build.0 = Debug|Any CPU
		{F5AA5B6D-0A04-4E12-AC95-B638C328E8FD}.Debug|x86.ActiveCfg = Debug|Any CPU
		{F5AA5B6D-0A04-4E12-AC95-B638C328E8FD}.Debug|x86.Build.0 = Debug|Any CPU
		{F5AA5B6D-0A04-4E12-AC95-B638C328E8FD}.Release|Any CPU.ActiveCfg = Release|Any CPU
		{F5AA5B6D-0A04-4E12-AC95-B638C328E8FD}.Release|Any CPU.Build.0 = Release|Any CPU
		{F5AA5B6D-0A04-4E12-AC95-B638C328E8FD}.Release|x64.ActiveCfg = Release|Any CPU
		{F5AA5B6D-0A04-4E12-AC95-B638C328E8FD}.Release|x64.Build.0 = Release|Any CPU
		{F5AA5B6D-0A04-4E12-AC95-B638C328E8FD}.Release|x86.ActiveCfg = Release|Any CPU
		{F5AA5B6D-0A04-4E12-AC95-B638C328E8FD}.Release|x86.Build.0 = Release|Any CPU
	EndGlobalSection
	GlobalSection(SolutionProperties) = preSolution
		HideSolutionNode = FALSE
	EndGlobalSection
EndGlobal
